<?xml version="1.0" encoding="utf-8"?>
<Project ToolsVersion="4.0" xmlns="http://schemas.microsoft.com/developer/msbuild/2003">
  <ItemGroup>
    <ClCompile Include="AppClass.cpp" />
    <ClCompile Include="AppClassControls.cpp" />
    <ClCompile Include="BoundingBox.cpp" />
    <ClCompile Include="BoundingObject.cpp" />
    <ClCompile Include="BoundingObjectManager.cpp" />
    <ClCompile Include="BoundingSphere.cpp" />
    <ClCompile Include="CameraFollow.cpp" />
    <ClCompile Include="Collideable.cpp" />
    <ClCompile Include="CollisionDebug.cpp" />
    <ClCompile Include="CollisionInfo.cpp" />
    <ClCompile Include="Component.cpp" />
    <ClCompile Include="Crate.cpp" />
    <ClCompile Include="DeathHandler.cpp" />
    <ClCompile Include="GameObject.cpp" />
    <ClCompile Include="GameObjectManager.cpp" />
    <ClCompile Include="Health.cpp" />
    <ClCompile Include="Level.cpp" />
    <ClCompile Include="ModelRender.cpp" />
    <ClCompile Include="Main.cpp" />
    <ClCompile Include="Projectile.cpp" />
    <ClCompile Include="PlayerMovement.cpp" />
    <ClCompile Include="Renderable.cpp" />
    <ClCompile Include="Rigidbody.cpp" />
    <ClCompile Include="SATBoundingBox.cpp" />
    <ClCompile Include="SpatialPartition.cpp" />
    <ClCompile Include="SPBruteForce.cpp" />
    <ClCompile Include="TestLevel.cpp" />
    <ClCompile Include="Transform.cpp" />
    <ClCompile Include="Updateable.cpp" />
    <ClCompile Include="ProjectileLauncher.cpp" />
    <ClCompile Include="UI.cpp" />
    <ClCompile Include="ProgressBar.cpp" />
    <ClCompile Include="Utility.cpp" />
    <ClCompile Include="ContactManifold.cpp" />
    <ClCompile Include="AnimateRotation.cpp" />
    <ClCompile Include="RandomMove.cpp" />
    <ClCompile Include="LandMine.cpp" />
    <ClCompile Include="AnimateScale.cpp" />
    <ClCompile Include="TimeRemover.cpp" />
    <ClCompile Include="CrateDropper.cpp" />
    <ClCompile Include="TitleScreen.cpp" />
    <ClCompile Include="Spaghetti.cpp" />
  </ItemGroup>
  <ItemGroup>
    <ClInclude Include="..\res\Resource.h" />
    <ClInclude Include="AppClass.h" />
    <ClInclude Include="BoundingBox.h" />
    <ClInclude Include="BoundingObject.h" />
    <ClInclude Include="BoundingObjectManager.h" />
    <ClInclude Include="BoundingSphere.h" />
    <ClInclude Include="CameraFollow.h" />
    <ClInclude Include="Collideable.h" />
    <ClInclude Include="CollisionDebug.h" />
    <ClInclude Include="CollisionInfo.h" />
    <ClInclude Include="Component.h" />
    <ClInclude Include="Crate.h" />
    <ClInclude Include="DeathHandler.h" />
    <ClInclude Include="GameObject.h" />
    <ClInclude Include="GameObjectManager.h" />
    <ClInclude Include="Health.h" />
    <ClInclude Include="Level.h" />
    <ClInclude Include="ModelRender.h" />
    <ClInclude Include="Projectile.h" />
    <ClInclude Include="PlayerMovement.h" />
    <ClInclude Include="Renderable.h" />
    <ClInclude Include="Rigidbody.h" />
    <ClInclude Include="SATBoundingBox.h" />
    <ClInclude Include="SpatialPartition.h" />
    <ClInclude Include="SPBruteForce.h" />
    <ClInclude Include="TestLevel.h" />
    <ClInclude Include="Transform.h" />
    <ClInclude Include="Updateable.h" />
    <ClInclude Include="ProjectileLauncher.h" />
    <ClInclude Include="UI.h" />
    <ClInclude Include="ProgressBar.h" />
    <ClInclude Include="Utility.h" />
    <ClInclude Include="ContactManifold.h" />
    <ClInclude Include="AnimateRotation.h" />
    <ClInclude Include="RandomMove.h" />
    <ClInclude Include="LandMine.h" />
    <ClInclude Include="AnimateScale.h" />
    <ClInclude Include="TimeRemover.h" />
    <ClInclude Include="CrateDropper.h" />
    <ClInclude Include="TitleScreen.h" />
    <ClInclude Include="Spaghetti.h" />
  </ItemGroup>
  <ItemGroup>
    <ResourceCompile Include="..\res\BTO.rc" />
  </ItemGroup>
</Project>